// !$*UTF8*$!
{
	archiveVersion = 1;
	classes = {
	};
	objectVersion = 48;
	objects = {

/* Begin PBXBuildFile section */
		EA11A2801FEB4DA400F64773 /* AppDelegate.m in Sources */ = {isa = PBXBuildFile; fileRef = EA11A27F1FEB4DA400F64773 /* AppDelegate.m */; };
		EA11A2831FEB4DA400F64773 /* ViewController.m in Sources */ = {isa = PBXBuildFile; fileRef = EA11A2821FEB4DA400F64773 /* ViewController.m */; };
		EA11A2861FEB4DA400F64773 /* Main.storyboard in Resources */ = {isa = PBXBuildFile; fileRef = EA11A2841FEB4DA400F64773 /* Main.storyboard */; };
		EA11A2881FEB4DA400F64773 /* Assets.xcassets in Resources */ = {isa = PBXBuildFile; fileRef = EA11A2871FEB4DA400F64773 /* Assets.xcassets */; };
		EA11A28B1FEB4DA400F64773 /* LaunchScreen.storyboard in Resources */ = {isa = PBXBuildFile; fileRef = EA11A2891FEB4DA400F64773 /* LaunchScreen.storyboard */; };
		EA11A28E1FEB4DA400F64773 /* main.m in Sources */ = {isa = PBXBuildFile; fileRef = EA11A28D1FEB4DA400F64773 /* main.m */; };
		EA11A2951FEB4DE000F64773 /* v0rtex.m in Sources */ = {isa = PBXBuildFile; fileRef = EA11A2941FEB4DE000F64773 /* v0rtex.m */; };
		EA11A2991FEB4FE100F64773 /* IOKit in Resources */ = {isa = PBXBuildFile; fileRef = EA11A2981FEB4FE100F64773 /* IOKit */; };
		EA11A2A41FEB54A600F64773 /* UIKit.framework in Frameworks */ = {isa = PBXBuildFile; fileRef = EA11A29B1FEB503C00F64773 /* UIKit.framework */; };
		EA11A2A51FEB54A900F64773 /* IOKit.framework in Frameworks */ = {isa = PBXBuildFile; fileRef = EA11A2A01FEB527700F64773 /* IOKit.framework */; };
		EA3FA0E71FEB7041006F7F11 /* remountrootrw.m in Sources */ = {isa = PBXBuildFile; fileRef = EA3FA0E61FEB7040006F7F11 /* remountrootrw.m */; };
		EA3FA0EA1FEB71CC006F7F11 /* kernelutils.m in Sources */ = {isa = PBXBuildFile; fileRef = EA3FA0E91FEB71CC006F7F11 /* kernelutils.m */; };
		EAD5E3B21FEB5AC000AD95D9 /* symbols.m in Sources */ = {isa = PBXBuildFile; fileRef = EAD5E3B11FEB5AC000AD95D9 /* symbols.m */; };
		EAD5E3B51FEB5EF700AD95D9 /* dostuff.m in Sources */ = {isa = PBXBuildFile; fileRef = EAD5E3B41FEB5EF700AD95D9 /* dostuff.m */; };
/* End PBXBuildFile section */

/* Begin PBXFileReference section */
		EA11A27B1FEB4DA400F64773 /* v0rtexMod.app */ = {isa = PBXFileReference; explicitFileType = wrapper.application; includeInIndex = 0; path = v0rtexMod.app; sourceTree = BUILT_PRODUCTS_DIR; };
		EA11A27E1FEB4DA400F64773 /* AppDelegate.h */ = {isa = PBXFileReference; lastKnownFileType = sourcecode.c.h; path = AppDelegate.h; sourceTree = "<group>"; };
		EA11A27F1FEB4DA400F64773 /* AppDelegate.m */ = {isa = PBXFileReference; lastKnownFileType = sourcecode.c.objc; path = AppDelegate.m; sourceTree = "<group>"; };
		EA11A2811FEB4DA400F64773 /* ViewController.h */ = {isa = PBXFileReference; lastKnownFileType = sourcecode.c.h; path = ViewController.h; sourceTree = "<group>"; };
		EA11A2821FEB4DA400F64773 /* ViewController.m */ = {isa = PBXFileReference; lastKnownFileType = sourcecode.c.objc; path = ViewController.m; sourceTree = "<group>"; };
		EA11A2851FEB4DA400F64773 /* Base */ = {isa = PBXFileReference; lastKnownFileType = file.storyboard; name = Base; path = Base.lproj/Main.storyboard; sourceTree = "<group>"; };
		EA11A2871FEB4DA400F64773 /* Assets.xcassets */ = {isa = PBXFileReference; lastKnownFileType = folder.assetcatalog; path = Assets.xcassets; sourceTree = "<group>"; };
		EA11A28A1FEB4DA400F64773 /* Base */ = {isa = PBXFileReference; lastKnownFileType = file.storyboard; name = Base; path = Base.lproj/LaunchScreen.storyboard; sourceTree = "<group>"; };
		EA11A28C1FEB4DA400F64773 /* Info.plist */ = {isa = PBXFileReference; lastKnownFileType = text.plist.xml; path = Info.plist; sourceTree = "<group>"; };
		EA11A28D1FEB4DA400F64773 /* main.m */ = {isa = PBXFileReference; lastKnownFileType = sourcecode.c.objc; path = main.m; sourceTree = "<group>"; };
		EA11A2941FEB4DE000F64773 /* v0rtex.m */ = {isa = PBXFileReference; lastKnownFileType = sourcecode.c.objc; path = v0rtex.m; sourceTree = "<group>"; };
		EA11A2961FEB4DF900F64773 /* v0rtex.h */ = {isa = PBXFileReference; lastKnownFileType = sourcecode.c.h; path = v0rtex.h; sourceTree = "<group>"; };
		EA11A2971FEB4E5600F64773 /* common.h */ = {isa = PBXFileReference; lastKnownFileType = sourcecode.c.h; path = common.h; sourceTree = "<group>"; };
		EA11A2981FEB4FE100F64773 /* IOKit */ = {isa = PBXFileReference; lastKnownFileType = folder; path = IOKit; sourceTree = "<group>"; };
		EA11A29B1FEB503C00F64773 /* UIKit.framework */ = {isa = PBXFileReference; lastKnownFileType = wrapper.framework; name = UIKit.framework; path = System/Library/Frameworks/UIKit.framework; sourceTree = SDKROOT; };
		EA11A2A01FEB527700F64773 /* IOKit.framework */ = {isa = PBXFileReference; lastKnownFileType = wrapper.framework; name = IOKit.framework; path = ../../../../../../System/Library/Frameworks/IOKit.framework; sourceTree = "<group>"; };
		EA3FA0E61FEB7040006F7F11 /* remountrootrw.m */ = {isa = PBXFileReference; lastKnownFileType = sourcecode.c.objc; path = remountrootrw.m; sourceTree = "<group>"; };
		EA3FA0E81FEB704C006F7F11 /* remountrootrw.h */ = {isa = PBXFileReference; lastKnownFileType = sourcecode.c.h; path = remountrootrw.h; sourceTree = "<group>"; };
		EA3FA0E91FEB71CC006F7F11 /* kernelutils.m */ = {isa = PBXFileReference; lastKnownFileType = sourcecode.c.objc; path = kernelutils.m; sourceTree = "<group>"; };
		EA3FA0EB1FEB71EE006F7F11 /* kernelutils.h */ = {isa = PBXFileReference; lastKnownFileType = sourcecode.c.h; path = kernelutils.h; sourceTree = "<group>"; };
		EAD5E3B11FEB5AC000AD95D9 /* symbols.m */ = {isa = PBXFileReference; lastKnownFileType = sourcecode.c.objc; path = symbols.m; sourceTree = "<group>"; };
		EAD5E3B31FEB5ACF00AD95D9 /* symbols.h */ = {isa = PBXFileReference; lastKnownFileType = sourcecode.c.h; path = symbols.h; sourceTree = "<group>"; };
		EAD5E3B41FEB5EF700AD95D9 /* dostuff.m */ = {isa = PBXFileReference; lastKnownFileType = sourcecode.c.objc; path = dostuff.m; sourceTree = "<group>"; };
		EAD5E3B61FEB5F0200AD95D9 /* dostuff.h */ = {isa = PBXFileReference; lastKnownFileType = sourcecode.c.h; path = dostuff.h; sourceTree = "<group>"; };
/* End PBXFileReference section */

/* Begin PBXFrameworksBuildPhase section */
		EA11A2781FEB4DA400F64773 /* Frameworks */ = {
			isa = PBXFrameworksBuildPhase;
			buildActionMask = 2147483647;
			files = (
				EA11A2A41FEB54A600F64773 /* UIKit.framework in Frameworks */,
				EA11A2A51FEB54A900F64773 /* IOKit.framework in Frameworks */,
			);
			runOnlyForDeploymentPostprocessing = 0;
		};
/* End PBXFrameworksBuildPhase section */

/* Begin PBXGroup section */
		EA11A2721FEB4DA400F64773 = {
			isa = PBXGroup;
			children = (
				EA11A27D1FEB4DA400F64773 /* v0rtexMod */,
				EA11A27C1FEB4DA400F64773 /* Products */,
				EA11A29A1FEB503B00F64773 /* Frameworks */,
			);
			sourceTree = "<group>";
		};
		EA11A27C1FEB4DA400F64773 /* Products */ = {
			isa = PBXGroup;
			children = (
				EA11A27B1FEB4DA400F64773 /* v0rtexMod.app */,
			);
			name = Products;
			sourceTree = "<group>";
		};
		EA11A27D1FEB4DA400F64773 /* v0rtexMod */ = {
			isa = PBXGroup;
			children = (
				EA11A27E1FEB4DA400F64773 /* AppDelegate.h */,
				EAD5E3B31FEB5ACF00AD95D9 /* symbols.h */,
				EAD5E3B61FEB5F0200AD95D9 /* dostuff.h */,
				EAD5E3B41FEB5EF700AD95D9 /* dostuff.m */,
				EAD5E3B11FEB5AC000AD95D9 /* symbols.m */,
				EA11A2981FEB4FE100F64773 /* IOKit */,
				EA11A2971FEB4E5600F64773 /* common.h */,
				EA11A27F1FEB4DA400F64773 /* AppDelegate.m */,
				EA11A2811FEB4DA400F64773 /* ViewController.h */,
				EA3FA0E91FEB71CC006F7F11 /* kernelutils.m */,
				EA3FA0EB1FEB71EE006F7F11 /* kernelutils.h */,
				EA11A2821FEB4DA400F64773 /* ViewController.m */,
				EA3FA0E81FEB704C006F7F11 /* remountrootrw.h */,
				EA3FA0E61FEB7040006F7F11 /* remountrootrw.m */,
				EA11A2841FEB4DA400F64773 /* Main.storyboard */,
				EA11A2871FEB4DA400F64773 /* Assets.xcassets */,
				EA11A2891FEB4DA400F64773 /* LaunchScreen.storyboard */,
				EA11A28C1FEB4DA400F64773 /* Info.plist */,
				EA11A28D1FEB4DA400F64773 /* main.m */,
				EA11A2941FEB4DE000F64773 /* v0rtex.m */,
				EA11A2961FEB4DF900F64773 /* v0rtex.h */,
			);
			path = v0rtexMod;
			sourceTree = "<group>";
		};
		EA11A29A1FEB503B00F64773 /* Frameworks */ = {
			isa = PBXGroup;
			children = (
				EA11A2A01FEB527700F64773 /* IOKit.framework */,
				EA11A29B1FEB503C00F64773 /* UIKit.framework */,
			);
			name = Frameworks;
			sourceTree = "<group>";
		};
/* End PBXGroup section */

/* Begin PBXNativeTarget section */
		EA11A27A1FEB4DA400F64773 /* v0rtexMod */ = {
			isa = PBXNativeTarget;
			buildConfigurationList = EA11A2911FEB4DA400F64773 /* Build configuration list for PBXNativeTarget "v0rtexMod" */;
			buildPhases = (
				EA11A2771FEB4DA400F64773 /* Sources */,
				EA11A2781FEB4DA400F64773 /* Frameworks */,
				EA11A2791FEB4DA400F64773 /* Resources */,
			);
			buildRules = (
			);
			dependencies = (
			);
			name = v0rtexMod;
			productName = v0rtexMod;
			productReference = EA11A27B1FEB4DA400F64773 /* v0rtexMod.app */;
			productType = "com.apple.product-type.application";
		};
/* End PBXNativeTarget section */

/* Begin PBXProject section */
		EA11A2731FEB4DA400F64773 /* Project object */ = {
			isa = PBXProject;
			attributes = {
				LastUpgradeCheck = 0910;
				ORGANIZATIONNAME = din3zh;
				TargetAttributes = {
					EA11A27A1FEB4DA400F64773 = {
						CreatedOnToolsVersion = 9.1;
						ProvisioningStyle = Automatic;
					};
				};
			};
			buildConfigurationList = EA11A2761FEB4DA400F64773 /* Build configuration list for PBXProject "v0rtexMod" */;
			compatibilityVersion = "Xcode 8.0";
			developmentRegion = en;
			hasScannedForEncodings = 0;
			knownRegions = (
				en,
				Base,
			);
			mainGroup = EA11A2721FEB4DA400F64773;
			productRefGroup = EA11A27C1FEB4DA400F64773 /* Products */;
			projectDirPath = "";
			projectRoot = "";
			targets = (
				EA11A27A1FEB4DA400F64773 /* v0rtexMod */,
			);
		};
/* End PBXProject section */

/* Begin PBXResourcesBuildPhase section */
		EA11A2791FEB4DA400F64773 /* Resources */ = {
			isa = PBXResourcesBuildPhase;
			buildActionMask = 2147483647;
			files = (
				EA11A28B1FEB4DA400F64773 /* LaunchScreen.storyboard in Resources */,
				EA11A2991FEB4FE100F64773 /* IOKit in Resources */,
				EA11A2881FEB4DA400F64773 /* Assets.xcassets in Resources */,
				EA11A2861FEB4DA400F64773 /* Main.storyboard in Resources */,
			);
			runOnlyForDeploymentPostprocessing = 0;
		};
/* End PBXResourcesBuildPhase section */

/* Begin PBXSourcesBuildPhase section */
		EA11A2771FEB4DA400F64773 /* Sources */ = {
			isa = PBXSourcesBuildPhase;
			buildActionMask = 2147483647;
			files = (
				EAD5E3B21FEB5AC000AD95D9 /* symbols.m in Sources */,
				EAD5E3B51FEB5EF700AD95D9 /* dostuff.m in Sources */,
				EA3FA0EA1FEB71CC006F7F11 /* kernelutils.m in Sources */,
				EA11A2951FEB4DE000F64773 /* v0rtex.m in Sources */,
				EA3FA0E71FEB7041006F7F11 /* remountrootrw.m in Sources */,
				EA11A2831FEB4DA400F64773 /* ViewController.m in Sources */,
				EA11A28E1FEB4DA400F64773 /* main.m in Sources */,
				EA11A2801FEB4DA400F64773 /* AppDelegate.m in Sources */,
			);
			runOnlyForDeploymentPostprocessing = 0;
		};
/* End PBXSourcesBuildPhase section */

/* Begin PBXVariantGroup section */
		EA11A2841FEB4DA400F64773 /* Main.storyboard */ = {
			isa = PBXVariantGroup;
			children = (
				EA11A2851FEB4DA400F64773 /* Base */,
			);
			name = Main.storyboard;
			sourceTree = "<group>";
		};
		EA11A2891FEB4DA400F64773 /* LaunchScreen.storyboard */ = {
			isa = PBXVariantGroup;
			children = (
				EA11A28A1FEB4DA400F64773 /* Base */,
			);
			name = LaunchScreen.storyboard;
			sourceTree = "<group>";
		};
/* End PBXVariantGroup section */

/* Begin XCBuildConfiguration section */
		EA11A28F1FEB4DA400F64773 /* Debug */ = {
			isa = XCBuildConfiguration;
			buildSettings = {
				ALWAYS_SEARCH_USER_PATHS = NO;
				CLANG_ANALYZER_NONNULL = YES;
				CLANG_ANALYZER_NUMBER_OBJECT_CONVERSION = YES_AGGRESSIVE;
				CLANG_CXX_LANGUAGE_STANDARD = "gnu++14";
				CLANG_CXX_LIBRARY = "libc++";
				CLANG_ENABLE_MODULES = YES;
				CLANG_ENABLE_OBJC_ARC = YES;
				CLANG_WARN_BLOCK_CAPTURE_AUTORELEASING = YES;
				CLANG_WARN_BOOL_CONVERSION = YES;
				CLANG_WARN_COMMA = YES;
				CLANG_WARN_CONSTANT_CONVERSION = YES;
				CLANG_WARN_DIRECT_OBJC_ISA_USAGE = YES_ERROR;
				CLANG_WARN_DOCUMENTATION_COMMENTS = YES;
				CLANG_WARN_EMPTY_BODY = YES;
				CLANG_WARN_ENUM_CONVERSION = YES;
				CLANG_WARN_INFINITE_RECURSION = YES;
				CLANG_WARN_INT_CONVERSION = YES;
				CLANG_WARN_NON_LITERAL_NULL_CONVERSION = YES;
				CLANG_WARN_OBJC_LITERAL_CONVERSION = YES;
				CLANG_WARN_OBJC_ROOT_CLASS = YES_ERROR;
				CLANG_WARN_RANGE_LOOP_ANALYSIS = YES;
				CLANG_WARN_STRICT_PROTOTYPES = YES;
				CLANG_WARN_SUSPICIOUS_MOVE = YES;
				CLANG_WARN_UNGUARDED_AVAILABILITY = YES_AGGRESSIVE;
				CLANG_WARN_UNREACHABLE_CODE = YES;
				CLANG_WARN__DUPLICATE_METHOD_MATCH = YES;
				CODE_SIGN_IDENTITY = "iPhone Developer";
				COPY_PHASE_STRIP = NO;
				DEBUG_INFORMATION_FORMAT = dwarf;
				ENABLE_STRICT_OBJC_MSGSEND = YES;
				ENABLE_TESTABILITY = YES;
				GCC_C_LANGUAGE_STANDARD = gnu11;
				GCC_DYNAMIC_NO_PIC = NO;
				GCC_NO_COMMON_BLOCKS = YES;
				GCC_OPTIMIZATION_LEVEL = 0;
				GCC_PREPROCESSOR_DEFINITIONS = (
					"DEBUG=1",
					"$(inherited)",
				);
				GCC_WARN_64_TO_32_BIT_CONVERSION = YES;
				GCC_WARN_ABOUT_RETURN_TYPE = YES_ERROR;
				GCC_WARN_UNDECLARED_SELECTOR = YES;
				GCC_WARN_UNINITIALIZED_AUTOS = YES_AGGRESSIVE;
				GCC_WARN_UNUSED_FUNCTION = YES;
				GCC_WARN_UNUSED_VARIABLE = YES;
				IPHONEOS_DEPLOYMENT_TARGET = 11.1;
				MTL_ENABLE_DEBUG_INFO = YES;
				ONLY_ACTIVE_ARCH = YES;
				SDKROOT = iphoneos;
			};
			name = Debug;
		};
		EA11A2901FEB4DA400F64773 /* Release */ = {
			isa = XCBuildConfiguration;
			buildSettings = {
				ALWAYS_SEARCH_USER_PATHS = NO;
				CLANG_ANALYZER_NONNULL = YES;
				CLANG_ANALYZER_NUMBER_OBJECT_CONVERSION = YES_AGGRESSIVE;
				CLANG_CXX_LANGUAGE_STANDARD = "gnu++14";
				CLANG_CXX_LIBRARY = "libc++";
				CLANG_ENABLE_MODULES = YES;
				CLANG_ENABLE_OBJC_ARC = YES;
				CLANG_WARN_BLOCK_CAPTURE_AUTORELEASING = YES;
				CLANG_WARN_BOOL_CONVERSION = YES;
				CLANG_WARN_COMMA = YES;
				CLANG_WARN_CONSTANT_CONVERSION = YES;
				CLANG_WARN_DIRECT_OBJC_ISA_USAGE = YES_ERROR;
				CLANG_WARN_DOCUMENTATION_COMMENTS = YES;
				CLANG_WARN_EMPTY_BODY = YES;
				CLANG_WARN_ENUM_CONVERSION = YES;
				CLANG_WARN_INFINITE_RECURSION = YES;
				CLANG_WARN_INT_CONVERSION = YES;
				CLANG_WARN_NON_LITERAL_NULL_CONVERSION = YES;
				CLANG_WARN_OBJC_LITERAL_CONVERSION = YES;
				CLANG_WARN_OBJC_ROOT_CLASS = YES_ERROR;
				CLANG_WARN_RANGE_LOOP_ANALYSIS = YES;
				CLANG_WARN_STRICT_PROTOTYPES = YES;
				CLANG_WARN_SUSPICIOUS_MOVE = YES;
				CLANG_WARN_UNGUARDED_AVAILABILITY = YES_AGGRESSIVE;
				CLANG_WARN_UNREACHABLE_CODE = YES;
				CLANG_WARN__DUPLICATE_METHOD_MATCH = YES;
				CODE_SIGN_IDENTITY = "iPhone Developer";
				COPY_PHASE_STRIP = NO;
				DEBUG_INFORMATION_FORMAT = "dwarf-with-dsym";
				ENABLE_NS_ASSERTIONS = NO;
				ENABLE_STRICT_OBJC_MSGSEND = YES;
				GCC_C_LANGUAGE_STANDARD = gnu11;
				GCC_NO_COMMON_BLOCKS = YES;
				GCC_WARN_64_TO_32_BIT_CONVERSION = YES;
				GCC_WARN_ABOUT_RETURN_TYPE = YES_ERROR;
				GCC_WARN_UNDECLARED_SELECTOR = YES;
				GCC_WARN_UNINITIALIZED_AUTOS = YES_AGGRESSIVE;
				GCC_WARN_UNUSED_FUNCTION = YES;
				GCC_WARN_UNUSED_VARIABLE = YES;
				IPHONEOS_DEPLOYMENT_TARGET = 11.1;
				MTL_ENABLE_DEBUG_INFO = NO;
				SDKROOT = iphoneos;
				VALIDATE_PRODUCT = YES;
			};
			name = Release;
		};
		EA11A2921FEB4DA400F64773 /* Debug */ = {
			isa = XCBuildConfiguration;
			buildSettings = {
				ASSETCATALOG_COMPILER_APPICON_NAME = AppIcon;
				CODE_SIGN_STYLE = Automatic;
				DEVELOPMENT_TEAM = T2NR4WA7GR;
				ENABLE_BITCODE = NO;
				GCC_NO_COMMON_BLOCKS = NO;
				INFOPLIST_FILE = v0rtexMod/Info.plist;
				IPHONEOS_DEPLOYMENT_TARGET = 10.0;
				LD_RUNPATH_SEARCH_PATHS = "$(inherited) @executable_path/Frameworks";
				OTHER_LDFLAGS = (
					"$(inherited)",
					"-ObjC",
					"-framework",
					UIKit,
				);
				PRODUCT_BUNDLE_IDENTIFIER = com.dns.v0rtexMod;
				PRODUCT_NAME = "$(TARGET_NAME)";
				TARGETED_DEVICE_FAMILY = "1,2";
				VALID_ARCHS = arm64;
			};
			name = Debug;
		};
		EA11A2931FEB4DA400F64773 /* Release */ = {
			isa = XCBuildConfiguration;
			buildSettings = {
				ASSETCATALOG_COMPILER_APPICON_NAME = AppIcon;
				CODE_SIGN_STYLE = Automatic;
				DEVELOPMENT_TEAM = T2NR4WA7GR;
				ENABLE_BITCODE = NO;
				GCC_NO_COMMON_BLOCKS = NO;
				INFOPLIST_FILE = v0rtexMod/Info.plist;
				IPHONEOS_DEPLOYMENT_TARGET = 10.0;
				LD_RUNPATH_SEARCH_PATHS = "$(inherited) @executable_path/Frameworks";
				OTHER_LDFLAGS = (
					"$(inherited)",
					"-ObjC",
					"-framework",
					UIKit,
				);
				PRODUCT_BUNDLE_IDENTIFIER = com.dns.v0rtexMod;
				PRODUCT_NAME = "$(TARGET_NAME)";
				TARGETED_DEVICE_FAMILY = "1,2";
				VALID_ARCHS = arm64;
			};
			name = Release;
		};
/* End XCBuildConfiguration section */

/* Begin XCConfigurationList section */
		EA11A2761FEB4DA400F64773 /* Build configuration list for PBXProject "v0rtexMod" */ = {
			isa = XCConfigurationList;
			buildConfigurations = (
				EA11A28F1FEB4DA400F64773 /* Debug */,
				EA11A2901FEB4DA400F64773 /* Release */,
			);
			defaultConfigurationIsVisible = 0;
			defaultConfigurationName = Release;
		};
		EA11A2911FEB4DA400F64773 /* Build configuration list for PBXNativeTarget "v0rtexMod" */ = {
			isa = XCConfigurationList;
			buildConfigurations = (
				EA11A2921FEB4DA400F64773 /* Debug */,
				EA11A2931FEB4DA400F64773 /* Release */,
			);
			defaultConfigurationIsVisible = 0;
			defaultConfigurationName = Release;
		};
/* End XCConfigurationList section */
	};
	rootObject = EA11A2731FEB4DA400F64773 /* Project object */;
}
